// !$*UTF8*$!
{
	archiveVersion = 1;
	classes = {
	};
	objectVersion = 51;
	objects = {

/* Begin PBXBuildFile section */
		3681E2FE05FA136D5EDE4B5A /* Pods_SwiftTestDemo.framework in Frameworks */ = {isa = PBXBuildFile; fileRef = FE6935C73A2C794BE1968853 /* Pods_SwiftTestDemo.framework */; };
		847E0D822612F76C0049773F /* CWLog.swift in Sources */ = {isa = PBXBuildFile; fileRef = 847E0D812612F76C0049773F /* CWLog.swift */; };
		847E0DE526144AEC0049773F /* SelectSaleType.swift in Sources */ = {isa = PBXBuildFile; fileRef = 847E0DE426144AEC0049773F /* SelectSaleType.swift */; };
		847E0DED261451370049773F /* UIView_Extension.swift in Sources */ = {isa = PBXBuildFile; fileRef = 847E0DEC261451370049773F /* UIView_Extension.swift */; };
		847E0DF3261461D80049773F /* UIButton+LY_ImageLocation.m in Sources */ = {isa = PBXBuildFile; fileRef = 847E0DF2261461D80049773F /* UIButton+LY_ImageLocation.m */; };
		847E0DF9261462B80049773F /* UIView+TapAction.m in Sources */ = {isa = PBXBuildFile; fileRef = 847E0DF7261462B80049773F /* UIView+TapAction.m */; };
		847E0DFF261463330049773F /* UIButton+Block.m in Sources */ = {isa = PBXBuildFile; fileRef = 847E0DFD261463330049773F /* UIButton+Block.m */; };
		847E0E05261463C70049773F /* UIImage+Gradient.m in Sources */ = {isa = PBXBuildFile; fileRef = 847E0E04261463C70049773F /* UIImage+Gradient.m */; };
		847E0E0A2614688C0049773F /* SelectTypeTableViewCell.swift in Sources */ = {isa = PBXBuildFile; fileRef = 847E0E092614688C0049773F /* SelectTypeTableViewCell.swift */; };
		847E0E0F26146D940049773F /* SelectTypeHeadView.swift in Sources */ = {isa = PBXBuildFile; fileRef = 847E0E0E26146D940049773F /* SelectTypeHeadView.swift */; };
		847E0EE12616C1FC0049773F /* BaseTabBarViewController.swift in Sources */ = {isa = PBXBuildFile; fileRef = 847E0EE02616C1FC0049773F /* BaseTabBarViewController.swift */; };
		848D4898259B327900B1734F /* AppDelegate.swift in Sources */ = {isa = PBXBuildFile; fileRef = 848D4897259B327900B1734F /* AppDelegate.swift */; };
		848D489A259B327900B1734F /* SceneDelegate.swift in Sources */ = {isa = PBXBuildFile; fileRef = 848D4899259B327900B1734F /* SceneDelegate.swift */; };
		848D489C259B327900B1734F /* ViewController.swift in Sources */ = {isa = PBXBuildFile; fileRef = 848D489B259B327900B1734F /* ViewController.swift */; };
		848D489F259B327900B1734F /* Main.storyboard in Resources */ = {isa = PBXBuildFile; fileRef = 848D489D259B327900B1734F /* Main.storyboard */; };
		848D48A1259B327A00B1734F /* Assets.xcassets in Resources */ = {isa = PBXBuildFile; fileRef = 848D48A0259B327A00B1734F /* Assets.xcassets */; };
		848D48A4259B327A00B1734F /* LaunchScreen.storyboard in Resources */ = {isa = PBXBuildFile; fileRef = 848D48A2259B327A00B1734F /* LaunchScreen.storyboard */; };
		848D48AF259B327A00B1734F /* SwiftTestDemoTests.swift in Sources */ = {isa = PBXBuildFile; fileRef = 848D48AE259B327A00B1734F /* SwiftTestDemoTests.swift */; };
		848D48BA259B327A00B1734F /* SwiftTestDemoUITests.swift in Sources */ = {isa = PBXBuildFile; fileRef = 848D48B9259B327A00B1734F /* SwiftTestDemoUITests.swift */; };
		848D491F259B345300B1734F /* UIKit.framework in Frameworks */ = {isa = PBXBuildFile; fileRef = 848D491E259B345300B1734F /* UIKit.framework */; };
		848D4921259B345900B1734F /* Foundation.framework in Frameworks */ = {isa = PBXBuildFile; fileRef = 848D4920259B345900B1734F /* Foundation.framework */; };
		848D4923259B346300B1734F /* SystemConfiguration.framework in Frameworks */ = {isa = PBXBuildFile; fileRef = 848D4922259B346300B1734F /* SystemConfiguration.framework */; };
		848D4949259B39A400B1734F /* FirstViewController.swift in Sources */ = {isa = PBXBuildFile; fileRef = 848D4948259B39A400B1734F /* FirstViewController.swift */; };
		848D494E259B39B100B1734F /* SecondViewController.swift in Sources */ = {isa = PBXBuildFile; fileRef = 848D494D259B39B100B1734F /* SecondViewController.swift */; };
		848D4953259B39BC00B1734F /* ThirdViewController.swift in Sources */ = {isa = PBXBuildFile; fileRef = 848D4952259B39BC00B1734F /* ThirdViewController.swift */; };
		848D498C259C193500B1734F /* LYNavigationController.swift in Sources */ = {isa = PBXBuildFile; fileRef = 848D498B259C193500B1734F /* LYNavigationController.swift */; };
		848D49C8259C22D700B1734F /* LYHead.swift in Sources */ = {isa = PBXBuildFile; fileRef = 848D49C7259C22D700B1734F /* LYHead.swift */; };
		848D49CD259C2DD200B1734F /* HomeBaseTableViewCell.swift in Sources */ = {isa = PBXBuildFile; fileRef = 848D49CC259C2DD200B1734F /* HomeBaseTableViewCell.swift */; };
		848D49F0259C53CB00B1734F /* WRNavigationBar.swift in Sources */ = {isa = PBXBuildFile; fileRef = 848D49EE259C53CB00B1734F /* WRNavigationBar.swift */; };
		848D49F1259C53CB00B1734F /* WRCustomNavigationBar.swift in Sources */ = {isa = PBXBuildFile; fileRef = 848D49EF259C53CB00B1734F /* WRCustomNavigationBar.swift */; };
		849EF135259D6C4700B1BE97 /* HomeBaseCollectionViewCell.swift in Sources */ = {isa = PBXBuildFile; fileRef = 849EF134259D6C4700B1BE97 /* HomeBaseCollectionViewCell.swift */; };
		84A6CA2425ABF7D50018ECEF /* marketOrderInfo.txt in Resources */ = {isa = PBXBuildFile; fileRef = 84A6CA2325ABF7D50018ECEF /* marketOrderInfo.txt */; };
		84A6CA2B25AC39CC0018ECEF /* Button_Extendion.swift in Sources */ = {isa = PBXBuildFile; fileRef = 84A6CA2A25AC39CC0018ECEF /* Button_Extendion.swift */; };
		84A6CA3825AD46040018ECEF /* BaseViewController.swift in Sources */ = {isa = PBXBuildFile; fileRef = 84A6CA3725AD46040018ECEF /* BaseViewController.swift */; };
		84A6CA3D25AD46810018ECEF /* HomeViewController.swift in Sources */ = {isa = PBXBuildFile; fileRef = 84A6CA3C25AD46810018ECEF /* HomeViewController.swift */; };
		84A6CA4225AD4ADA0018ECEF /* UIBarButtonItemExtension.swift in Sources */ = {isa = PBXBuildFile; fileRef = 84A6CA4125AD4ADA0018ECEF /* UIBarButtonItemExtension.swift */; };
		84A6CA5225AD54500018ECEF /* TitleButton.swift in Sources */ = {isa = PBXBuildFile; fileRef = 84A6CA5125AD54500018ECEF /* TitleButton.swift */; };
		84A6CA6A25AD72330018ECEF /* NSObject+TFPopupMethodExchange.m in Sources */ = {isa = PBXBuildFile; fileRef = 84A6CA5C25AD72330018ECEF /* NSObject+TFPopupMethodExchange.m */; };
		84A6CA6B25AD72330018ECEF /* UIScrollView+TFPopup.m in Sources */ = {isa = PBXBuildFile; fileRef = 84A6CA6225AD72330018ECEF /* UIScrollView+TFPopup.m */; };
		84A6CA6C25AD72330018ECEF /* TFPopupParam.m in Sources */ = {isa = PBXBuildFile; fileRef = 84A6CA6425AD72330018ECEF /* TFPopupParam.m */; };
		84A6CA6D25AD72330018ECEF /* TFPopupLoading.m in Sources */ = {isa = PBXBuildFile; fileRef = 84A6CA6625AD72330018ECEF /* TFPopupLoading.m */; };
		84A6CA6E25AD72330018ECEF /* TFPopupToast.m in Sources */ = {isa = PBXBuildFile; fileRef = 84A6CA6725AD72330018ECEF /* TFPopupToast.m */; };
		84A6CA6F25AD72330018ECEF /* UIView+TFPopup.m in Sources */ = {isa = PBXBuildFile; fileRef = 84A6CA6825AD72330018ECEF /* UIView+TFPopup.m */; };
		84A6CA7025AD72330018ECEF /* TFPopupExtension.m in Sources */ = {isa = PBXBuildFile; fileRef = 84A6CA6925AD72330018ECEF /* TFPopupExtension.m */; };
		84A6CA7725AD72900018ECEF /* HomePopView.swift in Sources */ = {isa = PBXBuildFile; fileRef = 84A6CA7625AD72900018ECEF /* HomePopView.swift */; };
		84E810B525A5C029002FB774 /* ForthViewController.swift in Sources */ = {isa = PBXBuildFile; fileRef = 84E810B425A5C029002FB774 /* ForthViewController.swift */; };
		84E810D025A804B3002FB774 /* HttpTools.swift in Sources */ = {isa = PBXBuildFile; fileRef = 84E810CF25A804B3002FB774 /* HttpTools.swift */; };
/* End PBXBuildFile section */

/* Begin PBXContainerItemProxy section */
		848D48AB259B327A00B1734F /* PBXContainerItemProxy */ = {
			isa = PBXContainerItemProxy;
			containerPortal = 848D488C259B327900B1734F /* Project object */;
			proxyType = 1;
			remoteGlobalIDString = 848D4893259B327900B1734F;
			remoteInfo = SwiftTestDemo;
		};
		848D48B6259B327A00B1734F /* PBXContainerItemProxy */ = {
			isa = PBXContainerItemProxy;
			containerPortal = 848D488C259B327900B1734F /* Project object */;
			proxyType = 1;
			remoteGlobalIDString = 848D4893259B327900B1734F;
			remoteInfo = SwiftTestDemo;
		};
/* End PBXContainerItemProxy section */

/* Begin PBXFileReference section */
		5B0D22D0E87EEBC02972D389 /* Pods-SwiftTestDemo.release.xcconfig */ = {isa = PBXFileReference; includeInIndex = 1; lastKnownFileType = text.xcconfig; name = "Pods-SwiftTestDemo.release.xcconfig"; path = "Target Support Files/Pods-SwiftTestDemo/Pods-SwiftTestDemo.release.xcconfig"; sourceTree = "<group>"; };
		847E0D812612F76C0049773F /* CWLog.swift */ = {isa = PBXFileReference; fileEncoding = 4; lastKnownFileType = sourcecode.swift; path = CWLog.swift; sourceTree = "<group>"; };
		847E0DE426144AEC0049773F /* SelectSaleType.swift */ = {isa = PBXFileReference; lastKnownFileType = sourcecode.swift; path = SelectSaleType.swift; sourceTree = "<group>"; };
		847E0DEC261451370049773F /* UIView_Extension.swift */ = {isa = PBXFileReference; lastKnownFileType = sourcecode.swift; path = UIView_Extension.swift; sourceTree = "<group>"; };
		847E0DF1261461D70049773F /* UIButton+LY_ImageLocation.h */ = {isa = PBXFileReference; fileEncoding = 4; lastKnownFileType = sourcecode.c.h; path = "UIButton+LY_ImageLocation.h"; sourceTree = "<group>"; };
		847E0DF2261461D80049773F /* UIButton+LY_ImageLocation.m */ = {isa = PBXFileReference; fileEncoding = 4; lastKnownFileType = sourcecode.c.objc; path = "UIButton+LY_ImageLocation.m"; sourceTree = "<group>"; };
		847E0DF7261462B80049773F /* UIView+TapAction.m */ = {isa = PBXFileReference; fileEncoding = 4; lastKnownFileType = sourcecode.c.objc; path = "UIView+TapAction.m"; sourceTree = "<group>"; };
		847E0DF8261462B80049773F /* UIView+TapAction.h */ = {isa = PBXFileReference; fileEncoding = 4; lastKnownFileType = sourcecode.c.h; path = "UIView+TapAction.h"; sourceTree = "<group>"; };
		847E0DFD261463330049773F /* UIButton+Block.m */ = {isa = PBXFileReference; fileEncoding = 4; lastKnownFileType = sourcecode.c.objc; path = "UIButton+Block.m"; sourceTree = "<group>"; };
		847E0DFE261463330049773F /* UIButton+Block.h */ = {isa = PBXFileReference; fileEncoding = 4; lastKnownFileType = sourcecode.c.h; path = "UIButton+Block.h"; sourceTree = "<group>"; };
		847E0E03261463C60049773F /* UIImage+Gradient.h */ = {isa = PBXFileReference; fileEncoding = 4; lastKnownFileType = sourcecode.c.h; path = "UIImage+Gradient.h"; sourceTree = "<group>"; };
		847E0E04261463C70049773F /* UIImage+Gradient.m */ = {isa = PBXFileReference; fileEncoding = 4; lastKnownFileType = sourcecode.c.objc; path = "UIImage+Gradient.m"; sourceTree = "<group>"; };
		847E0E092614688C0049773F /* SelectTypeTableViewCell.swift */ = {isa = PBXFileReference; lastKnownFileType = sourcecode.swift; path = SelectTypeTableViewCell.swift; sourceTree = "<group>"; };
		847E0E0E26146D940049773F /* SelectTypeHeadView.swift */ = {isa = PBXFileReference; lastKnownFileType = sourcecode.swift; path = SelectTypeHeadView.swift; sourceTree = "<group>"; };
		847E0EE02616C1FC0049773F /* BaseTabBarViewController.swift */ = {isa = PBXFileReference; lastKnownFileType = sourcecode.swift; path = BaseTabBarViewController.swift; sourceTree = "<group>"; };
		848D4894259B327900B1734F /* SwiftTestDemo.app */ = {isa = PBXFileReference; explicitFileType = wrapper.application; includeInIndex = 0; path = SwiftTestDemo.app; sourceTree = BUILT_PRODUCTS_DIR; };
		848D4897259B327900B1734F /* AppDelegate.swift */ = {isa = PBXFileReference; lastKnownFileType = sourcecode.swift; path = AppDelegate.swift; sourceTree = "<group>"; };
		848D4899259B327900B1734F /* SceneDelegate.swift */ = {isa = PBXFileReference; lastKnownFileType = sourcecode.swift; path = SceneDelegate.swift; sourceTree = "<group>"; };
		848D489B259B327900B1734F /* ViewController.swift */ = {isa = PBXFileReference; lastKnownFileType = sourcecode.swift; path = ViewController.swift; sourceTree = "<group>"; };
		848D489E259B327900B1734F /* Base */ = {isa = PBXFileReference; lastKnownFileType = file.storyboard; name = Base; path = Base.lproj/Main.storyboard; sourceTree = "<group>"; };
		848D48A0259B327A00B1734F /* Assets.xcassets */ = {isa = PBXFileReference; lastKnownFileType = folder.assetcatalog; path = Assets.xcassets; sourceTree = "<group>"; };
		848D48A3259B327A00B1734F /* Base */ = {isa = PBXFileReference; lastKnownFileType = file.storyboard; name = Base; path = Base.lproj/LaunchScreen.storyboard; sourceTree = "<group>"; };
		848D48A5259B327A00B1734F /* Info.plist */ = {isa = PBXFileReference; lastKnownFileType = text.plist.xml; path = Info.plist; sourceTree = "<group>"; };
		848D48AA259B327A00B1734F /* SwiftTestDemoTests.xctest */ = {isa = PBXFileReference; explicitFileType = wrapper.cfbundle; includeInIndex = 0; path = SwiftTestDemoTests.xctest; sourceTree = BUILT_PRODUCTS_DIR; };
		848D48AE259B327A00B1734F /* SwiftTestDemoTests.swift */ = {isa = PBXFileReference; lastKnownFileType = sourcecode.swift; path = SwiftTestDemoTests.swift; sourceTree = "<group>"; };
		848D48B0259B327A00B1734F /* Info.plist */ = {isa = PBXFileReference; lastKnownFileType = text.plist.xml; path = Info.plist; sourceTree = "<group>"; };
		848D48B5259B327A00B1734F /* SwiftTestDemoUITests.xctest */ = {isa = PBXFileReference; explicitFileType = wrapper.cfbundle; includeInIndex = 0; path = SwiftTestDemoUITests.xctest; sourceTree = BUILT_PRODUCTS_DIR; };
		848D48B9259B327A00B1734F /* SwiftTestDemoUITests.swift */ = {isa = PBXFileReference; lastKnownFileType = sourcecode.swift; path = SwiftTestDemoUITests.swift; sourceTree = "<group>"; };
		848D48BB259B327A00B1734F /* Info.plist */ = {isa = PBXFileReference; lastKnownFileType = text.plist.xml; path = Info.plist; sourceTree = "<group>"; };
		848D491E259B345300B1734F /* UIKit.framework */ = {isa = PBXFileReference; lastKnownFileType = wrapper.framework; name = UIKit.framework; path = System/Library/Frameworks/UIKit.framework; sourceTree = SDKROOT; };
		848D4920259B345900B1734F /* Foundation.framework */ = {isa = PBXFileReference; lastKnownFileType = wrapper.framework; name = Foundation.framework; path = System/Library/Frameworks/Foundation.framework; sourceTree = SDKROOT; };
		848D4922259B346300B1734F /* SystemConfiguration.framework */ = {isa = PBXFileReference; lastKnownFileType = wrapper.framework; name = SystemConfiguration.framework; path = System/Library/Frameworks/SystemConfiguration.framework; sourceTree = SDKROOT; };
		848D4948259B39A400B1734F /* FirstViewController.swift */ = {isa = PBXFileReference; lastKnownFileType = sourcecode.swift; path = FirstViewController.swift; sourceTree = "<group>"; };
		848D494D259B39B100B1734F /* SecondViewController.swift */ = {isa = PBXFileReference; lastKnownFileType = sourcecode.swift; path = SecondViewController.swift; sourceTree = "<group>"; };
		848D4952259B39BC00B1734F /* ThirdViewController.swift */ = {isa = PBXFileReference; lastKnownFileType = sourcecode.swift; path = ThirdViewController.swift; sourceTree = "<group>"; };
		848D498B259C193500B1734F /* LYNavigationController.swift */ = {isa = PBXFileReference; lastKnownFileType = sourcecode.swift; path = LYNavigationController.swift; sourceTree = "<group>"; };
		848D49C7259C22D700B1734F /* LYHead.swift */ = {isa = PBXFileReference; lastKnownFileType = sourcecode.swift; path = LYHead.swift; sourceTree = "<group>"; };
		848D49CC259C2DD200B1734F /* HomeBaseTableViewCell.swift */ = {isa = PBXFileReference; lastKnownFileType = sourcecode.swift; path = HomeBaseTableViewCell.swift; sourceTree = "<group>"; };
		848D49EE259C53CB00B1734F /* WRNavigationBar.swift */ = {isa = PBXFileReference; fileEncoding = 4; lastKnownFileType = sourcecode.swift; path = WRNavigationBar.swift; sourceTree = "<group>"; };
		848D49EF259C53CB00B1734F /* WRCustomNavigationBar.swift */ = {isa = PBXFileReference; fileEncoding = 4; lastKnownFileType = sourcecode.swift; path = WRCustomNavigationBar.swift; sourceTree = "<group>"; };
		849EF134259D6C4700B1BE97 /* HomeBaseCollectionViewCell.swift */ = {isa = PBXFileReference; lastKnownFileType = sourcecode.swift; path = HomeBaseCollectionViewCell.swift; sourceTree = "<group>"; };
		84A6CA2325ABF7D50018ECEF /* marketOrderInfo.txt */ = {isa = PBXFileReference; fileEncoding = 4; lastKnownFileType = text; path = marketOrderInfo.txt; sourceTree = "<group>"; };
		84A6CA2A25AC39CC0018ECEF /* Button_Extendion.swift */ = {isa = PBXFileReference; lastKnownFileType = sourcecode.swift; path = Button_Extendion.swift; sourceTree = "<group>"; };
		84A6CA3725AD46040018ECEF /* BaseViewController.swift */ = {isa = PBXFileReference; lastKnownFileType = sourcecode.swift; path = BaseViewController.swift; sourceTree = "<group>"; };
		84A6CA3C25AD46810018ECEF /* HomeViewController.swift */ = {isa = PBXFileReference; lastKnownFileType = sourcecode.swift; path = HomeViewController.swift; sourceTree = "<group>"; };
		84A6CA4125AD4ADA0018ECEF /* UIBarButtonItemExtension.swift */ = {isa = PBXFileReference; lastKnownFileType = sourcecode.swift; path = UIBarButtonItemExtension.swift; sourceTree = "<group>"; };
		84A6CA5125AD54500018ECEF /* TitleButton.swift */ = {isa = PBXFileReference; lastKnownFileType = sourcecode.swift; path = TitleButton.swift; sourceTree = "<group>"; };
		84A6CA5A25AD72330018ECEF /* UIScrollView+TFPopup.h */ = {isa = PBXFileReference; fileEncoding = 4; lastKnownFileType = sourcecode.c.h; path = "UIScrollView+TFPopup.h"; sourceTree = "<group>"; };
		84A6CA5B25AD72330018ECEF /* TFPopupParam.h */ = {isa = PBXFileReference; fileEncoding = 4; lastKnownFileType = sourcecode.c.h; path = TFPopupParam.h; sourceTree = "<group>"; };
		84A6CA5C25AD72330018ECEF /* NSObject+TFPopupMethodExchange.m */ = {isa = PBXFileReference; fileEncoding = 4; lastKnownFileType = sourcecode.c.objc; path = "NSObject+TFPopupMethodExchange.m"; sourceTree = "<group>"; };
		84A6CA5D25AD72330018ECEF /* TFPopupToast.h */ = {isa = PBXFileReference; fileEncoding = 4; lastKnownFileType = sourcecode.c.h; path = TFPopupToast.h; sourceTree = "<group>"; };
		84A6CA5E25AD72330018ECEF /* TFPopupLoading.h */ = {isa = PBXFileReference; fileEncoding = 4; lastKnownFileType = sourcecode.c.h; path = TFPopupLoading.h; sourceTree = "<group>"; };
		84A6CA5F25AD72330018ECEF /* TFPopupConst.h */ = {isa = PBXFileReference; fileEncoding = 4; lastKnownFileType = sourcecode.c.h; path = TFPopupConst.h; sourceTree = "<group>"; };
		84A6CA6025AD72330018ECEF /* TFPopupExtension.h */ = {isa = PBXFileReference; fileEncoding = 4; lastKnownFileType = sourcecode.c.h; path = TFPopupExtension.h; sourceTree = "<group>"; };
		84A6CA6125AD72330018ECEF /* UIView+TFPopup.h */ = {isa = PBXFileReference; fileEncoding = 4; lastKnownFileType = sourcecode.c.h; path = "UIView+TFPopup.h"; sourceTree = "<group>"; };
		84A6CA6225AD72330018ECEF /* UIScrollView+TFPopup.m */ = {isa = PBXFileReference; fileEncoding = 4; lastKnownFileType = sourcecode.c.objc; path = "UIScrollView+TFPopup.m"; sourceTree = "<group>"; };
		84A6CA6325AD72330018ECEF /* NSObject+TFPopupMethodExchange.h */ = {isa = PBXFileReference; fileEncoding = 4; lastKnownFileType = sourcecode.c.h; path = "NSObject+TFPopupMethodExchange.h"; sourceTree = "<group>"; };
		84A6CA6425AD72330018ECEF /* TFPopupParam.m */ = {isa = PBXFileReference; fileEncoding = 4; lastKnownFileType = sourcecode.c.objc; path = TFPopupParam.m; sourceTree = "<group>"; };
		84A6CA6525AD72330018ECEF /* TFPopup.h */ = {isa = PBXFileReference; fileEncoding = 4; lastKnownFileType = sourcecode.c.h; path = TFPopup.h; sourceTree = "<group>"; };
		84A6CA6625AD72330018ECEF /* TFPopupLoading.m */ = {isa = PBXFileReference; fileEncoding = 4; lastKnownFileType = sourcecode.c.objc; path = TFPopupLoading.m; sourceTree = "<group>"; };
		84A6CA6725AD72330018ECEF /* TFPopupToast.m */ = {isa = PBXFileReference; fileEncoding = 4; lastKnownFileType = sourcecode.c.objc; path = TFPopupToast.m; sourceTree = "<group>"; };
		84A6CA6825AD72330018ECEF /* UIView+TFPopup.m */ = {isa = PBXFileReference; fileEncoding = 4; lastKnownFileType = sourcecode.c.objc; path = "UIView+TFPopup.m"; sourceTree = "<group>"; };
		84A6CA6925AD72330018ECEF /* TFPopupExtension.m */ = {isa = PBXFileReference; fileEncoding = 4; lastKnownFileType = sourcecode.c.objc; path = TFPopupExtension.m; sourceTree = "<group>"; };
		84A6CA7625AD72900018ECEF /* HomePopView.swift */ = {isa = PBXFileReference; lastKnownFileType = sourcecode.swift; path = HomePopView.swift; sourceTree = "<group>"; };
		84A6CA9525AD77E80018ECEF /* SwiftTestDemo-Bridging-Header.h */ = {isa = PBXFileReference; lastKnownFileType = sourcecode.c.h; path = "SwiftTestDemo-Bridging-Header.h"; sourceTree = "<group>"; };
		84E810B425A5C029002FB774 /* ForthViewController.swift */ = {isa = PBXFileReference; lastKnownFileType = sourcecode.swift; path = ForthViewController.swift; sourceTree = "<group>"; };
		84E810CF25A804B3002FB774 /* HttpTools.swift */ = {isa = PBXFileReference; lastKnownFileType = sourcecode.swift; path = HttpTools.swift; sourceTree = "<group>"; };
		FABCAC615155ECF6011D985A /* Pods-SwiftTestDemo.debug.xcconfig */ = {isa = PBXFileReference; includeInIndex = 1; lastKnownFileType = text.xcconfig; name = "Pods-SwiftTestDemo.debug.xcconfig"; path = "Target Support Files/Pods-SwiftTestDemo/Pods-SwiftTestDemo.debug.xcconfig"; sourceTree = "<group>"; };
		FE6935C73A2C794BE1968853 /* Pods_SwiftTestDemo.framework */ = {isa = PBXFileReference; explicitFileType = wrapper.framework; includeInIndex = 0; path = Pods_SwiftTestDemo.framework; sourceTree = BUILT_PRODUCTS_DIR; };
/* End PBXFileReference section */

/* Begin PBXFrameworksBuildPhase section */
		848D4891259B327900B1734F /* Frameworks */ = {
			isa = PBXFrameworksBuildPhase;
			buildActionMask = 2147483647;
			files = (
				848D4923259B346300B1734F /* SystemConfiguration.framework in Frameworks */,
				848D4921259B345900B1734F /* Foundation.framework in Frameworks */,
				848D491F259B345300B1734F /* UIKit.framework in Frameworks */,
				3681E2FE05FA136D5EDE4B5A /* Pods_SwiftTestDemo.framework in Frameworks */,
			);
			runOnlyForDeploymentPostprocessing = 0;
		};
		848D48A7259B327A00B1734F /* Frameworks */ = {
			isa = PBXFrameworksBuildPhase;
			buildActionMask = 2147483647;
			files = (
			);
			runOnlyForDeploymentPostprocessing = 0;
		};
		848D48B2259B327A00B1734F /* Frameworks */ = {
			isa = PBXFrameworksBuildPhase;
			buildActionMask = 2147483647;
			files = (
			);
			runOnlyForDeploymentPostprocessing = 0;
		};
/* End PBXFrameworksBuildPhase section */

/* Begin PBXGroup section */
		27A97F6A7F997B3143237CF9 /* Pods */ = {
			isa = PBXGroup;
			children = (
				FABCAC615155ECF6011D985A /* Pods-SwiftTestDemo.debug.xcconfig */,
				5B0D22D0E87EEBC02972D389 /* Pods-SwiftTestDemo.release.xcconfig */,
			);
			path = Pods;
			sourceTree = "<group>";
		};
		847E0DE326144A920049773F /* View */ = {
			isa = PBXGroup;
			children = (
				847E0DE426144AEC0049773F /* SelectSaleType.swift */,
				847E0E092614688C0049773F /* SelectTypeTableViewCell.swift */,
				847E0E0E26146D940049773F /* SelectTypeHeadView.swift */,
			);
			path = View;
			sourceTree = "<group>";
		};
		848D488B259B327900B1734F = {
			isa = PBXGroup;
			children = (
				848D4896259B327900B1734F /* SwiftTestDemo */,
				848D48AD259B327A00B1734F /* SwiftTestDemoTests */,
				848D48B8259B327A00B1734F /* SwiftTestDemoUITests */,
				848D4895259B327900B1734F /* Products */,
				27A97F6A7F997B3143237CF9 /* Pods */,
				D91263A190DB6EBE1C51F9FD /* Frameworks */,
			);
			sourceTree = "<group>";
		};
		848D4895259B327900B1734F /* Products */ = {
			isa = PBXGroup;
			children = (
				848D4894259B327900B1734F /* SwiftTestDemo.app */,
				848D48AA259B327A00B1734F /* SwiftTestDemoTests.xctest */,
				848D48B5259B327A00B1734F /* SwiftTestDemoUITests.xctest */,
			);
			name = Products;
			sourceTree = "<group>";
		};
		848D4896259B327900B1734F /* SwiftTestDemo */ = {
			isa = PBXGroup;
			children = (
				84A6CAA025AD83760018ECEF /* Source */,
				84A6CA7425AD72610018ECEF /* BaseView */,
				84A6CA2825AC399B0018ECEF /* Tools */,
				84E8110C25A85A2B002FB774 /* Classes */,
				848D4897259B327900B1734F /* AppDelegate.swift */,
				848D4899259B327900B1734F /* SceneDelegate.swift */,
				848D489B259B327900B1734F /* ViewController.swift */,
				848D49C7259C22D700B1734F /* LYHead.swift */,
				84A6CA9525AD77E80018ECEF /* SwiftTestDemo-Bridging-Header.h */,
				848D489D259B327900B1734F /* Main.storyboard */,
				848D48A0259B327A00B1734F /* Assets.xcassets */,
				848D48A2259B327A00B1734F /* LaunchScreen.storyboard */,
				848D48A5259B327A00B1734F /* Info.plist */,
			);
			path = SwiftTestDemo;
			sourceTree = "<group>";
		};
		848D48AD259B327A00B1734F /* SwiftTestDemoTests */ = {
			isa = PBXGroup;
			children = (
				848D48AE259B327A00B1734F /* SwiftTestDemoTests.swift */,
				848D48B0259B327A00B1734F /* Info.plist */,
			);
			path = SwiftTestDemoTests;
			sourceTree = "<group>";
		};
		848D48B8259B327A00B1734F /* SwiftTestDemoUITests */ = {
			isa = PBXGroup;
			children = (
				848D48B9259B327A00B1734F /* SwiftTestDemoUITests.swift */,
				848D48BB259B327A00B1734F /* Info.plist */,
			);
			path = SwiftTestDemoUITests;
			sourceTree = "<group>";
		};
		848D49ED259C53AA00B1734F /* Navigation */ = {
			isa = PBXGroup;
			children = (
				848D49EF259C53CB00B1734F /* WRCustomNavigationBar.swift */,
				848D49EE259C53CB00B1734F /* WRNavigationBar.swift */,
				848D498B259C193500B1734F /* LYNavigationController.swift */,
			);
			path = Navigation;
			sourceTree = "<group>";
		};
		84A6CA2825AC399B0018ECEF /* Tools */ = {
			isa = PBXGroup;
			children = (
				84E810CF25A804B3002FB774 /* HttpTools.swift */,
				847E0D812612F76C0049773F /* CWLog.swift */,
				84A6CA5925AD72330018ECEF /* TFPopup */,
				84A6CA2925AC39AF0018ECEF /* Category */,
			);
			path = Tools;
			sourceTree = "<group>";
		};
		84A6CA2925AC39AF0018ECEF /* Category */ = {
			isa = PBXGroup;
			children = (
				84A6CA2A25AC39CC0018ECEF /* Button_Extendion.swift */,
				84A6CA4125AD4ADA0018ECEF /* UIBarButtonItemExtension.swift */,
				84A6CA5125AD54500018ECEF /* TitleButton.swift */,
				847E0DEC261451370049773F /* UIView_Extension.swift */,
				847E0DF1261461D70049773F /* UIButton+LY_ImageLocation.h */,
				847E0DF2261461D80049773F /* UIButton+LY_ImageLocation.m */,
				847E0DF8261462B80049773F /* UIView+TapAction.h */,
				847E0DF7261462B80049773F /* UIView+TapAction.m */,
				847E0DFE261463330049773F /* UIButton+Block.h */,
				847E0DFD261463330049773F /* UIButton+Block.m */,
				847E0E03261463C60049773F /* UIImage+Gradient.h */,
				847E0E04261463C70049773F /* UIImage+Gradient.m */,
			);
			path = Category;
			sourceTree = "<group>";
		};
		84A6CA5925AD72330018ECEF /* TFPopup */ = {
			isa = PBXGroup;
			children = (
				84A6CA6325AD72330018ECEF /* NSObject+TFPopupMethodExchange.h */,
				84A6CA5C25AD72330018ECEF /* NSObject+TFPopupMethodExchange.m */,
				84A6CA6525AD72330018ECEF /* TFPopup.h */,
				84A6CA5F25AD72330018ECEF /* TFPopupConst.h */,
				84A6CA6025AD72330018ECEF /* TFPopupExtension.h */,
				84A6CA6925AD72330018ECEF /* TFPopupExtension.m */,
				84A6CA5E25AD72330018ECEF /* TFPopupLoading.h */,
				84A6CA6625AD72330018ECEF /* TFPopupLoading.m */,
				84A6CA5B25AD72330018ECEF /* TFPopupParam.h */,
				84A6CA6425AD72330018ECEF /* TFPopupParam.m */,
				84A6CA5D25AD72330018ECEF /* TFPopupToast.h */,
				84A6CA6725AD72330018ECEF /* TFPopupToast.m */,
				84A6CA5A25AD72330018ECEF /* UIScrollView+TFPopup.h */,
				84A6CA6225AD72330018ECEF /* UIScrollView+TFPopup.m */,
				84A6CA6125AD72330018ECEF /* UIView+TFPopup.h */,
				84A6CA6825AD72330018ECEF /* UIView+TFPopup.m */,
			);
			path = TFPopup;
			sourceTree = "<group>";
		};
		84A6CA7425AD72610018ECEF /* BaseView */ = {
			isa = PBXGroup;
			children = (
				848D49ED259C53AA00B1734F /* Navigation */,
				84A6CA3725AD46040018ECEF /* BaseViewController.swift */,
				84A6CA7525AD726B0018ECEF /* popView */,
				847E0EE02616C1FC0049773F /* BaseTabBarViewController.swift */,
			);
			path = BaseView;
			sourceTree = "<group>";
		};
		84A6CA7525AD726B0018ECEF /* popView */ = {
			isa = PBXGroup;
			children = (
				84A6CA7625AD72900018ECEF /* HomePopView.swift */,
			);
			path = popView;
			sourceTree = "<group>";
		};
		84A6CA9F25AD834F0018ECEF /* Views */ = {
			isa = PBXGroup;
			children = (
				848D49CC259C2DD200B1734F /* HomeBaseTableViewCell.swift */,
				849EF134259D6C4700B1BE97 /* HomeBaseCollectionViewCell.swift */,
			);
			path = Views;
			sourceTree = "<group>";
		};
		84A6CAA025AD83760018ECEF /* Source */ = {
			isa = PBXGroup;
			children = (
				84A6CA2325ABF7D50018ECEF /* marketOrderInfo.txt */,
			);
			path = Source;
			sourceTree = "<group>";
		};
		84E8110C25A85A2B002FB774 /* Classes */ = {
			isa = PBXGroup;
			children = (
				84E8111225A85A7F002FB774 /* Home */,
				84E8111125A85A2B002FB774 /* Main */,
				84E8110D25A85A2B002FB774 /* Message */,
				84E8110E25A85A2B002FB774 /* Push */,
				84E8110F25A85A2B002FB774 /* Mine */,
				84E8111025A85A2B002FB774 /* Find */,
			);
			path = Classes;
			sourceTree = "<group>";
		};
		84E8110D25A85A2B002FB774 /* Message */ = {
			isa = PBXGroup;
			children = (
				847E0DE326144A920049773F /* View */,
				848D494D259B39B100B1734F /* SecondViewController.swift */,
			);
			path = Message;
			sourceTree = "<group>";
		};
		84E8110E25A85A2B002FB774 /* Push */ = {
			isa = PBXGroup;
			children = (
				848D4952259B39BC00B1734F /* ThirdViewController.swift */,
			);
			path = Push;
			sourceTree = "<group>";
		};
		84E8110F25A85A2B002FB774 /* Mine */ = {
			isa = PBXGroup;
			children = (
				84E810B425A5C029002FB774 /* ForthViewController.swift */,
			);
			path = Mine;
			sourceTree = "<group>";
		};
		84E8111025A85A2B002FB774 /* Find */ = {
			isa = PBXGroup;
			children = (
				84A6CA3C25AD46810018ECEF /* HomeViewController.swift */,
			);
			path = Find;
			sourceTree = "<group>";
		};
		84E8111125A85A2B002FB774 /* Main */ = {
			isa = PBXGroup;
			children = (
			);
			path = Main;
			sourceTree = "<group>";
		};
		84E8111225A85A7F002FB774 /* Home */ = {
			isa = PBXGroup;
			children = (
				84A6CA9F25AD834F0018ECEF /* Views */,
				848D4948259B39A400B1734F /* FirstViewController.swift */,
			);
			path = Home;
			sourceTree = "<group>";
		};
		D91263A190DB6EBE1C51F9FD /* Frameworks */ = {
			isa = PBXGroup;
			children = (
				848D4922259B346300B1734F /* SystemConfiguration.framework */,
				848D4920259B345900B1734F /* Foundation.framework */,
				848D491E259B345300B1734F /* UIKit.framework */,
				FE6935C73A2C794BE1968853 /* Pods_SwiftTestDemo.framework */,
			);
			name = Frameworks;
			sourceTree = "<group>";
		};
/* End PBXGroup section */

/* Begin PBXNativeTarget section */
		848D4893259B327900B1734F /* SwiftTestDemo */ = {
			isa = PBXNativeTarget;
			buildConfigurationList = 848D48BE259B327A00B1734F /* Build configuration list for PBXNativeTarget "SwiftTestDemo" */;
			buildPhases = (
				1E8A9232E08BF569074DDF8B /* [CP] Check Pods Manifest.lock */,
				848D4890259B327900B1734F /* Sources */,
				848D4891259B327900B1734F /* Frameworks */,
				848D4892259B327900B1734F /* Resources */,
				348DB6AF800F20CE9B393AD6 /* [CP] Embed Pods Frameworks */,
			);
			buildRules = (
			);
			dependencies = (
			);
			name = SwiftTestDemo;
			productName = SwiftTestDemo;
			productReference = 848D4894259B327900B1734F /* SwiftTestDemo.app */;
			productType = "com.apple.product-type.application";
		};
		848D48A9259B327A00B1734F /* SwiftTestDemoTests */ = {
			isa = PBXNativeTarget;
			buildConfigurationList = 848D48C1259B327A00B1734F /* Build configuration list for PBXNativeTarget "SwiftTestDemoTests" */;
			buildPhases = (
				848D48A6259B327A00B1734F /* Sources */,
				848D48A7259B327A00B1734F /* Frameworks */,
				848D48A8259B327A00B1734F /* Resources */,
			);
			buildRules = (
			);
			dependencies = (
				848D48AC259B327A00B1734F /* PBXTargetDependency */,
			);
			name = SwiftTestDemoTests;
			productName = SwiftTestDemoTests;
			productReference = 848D48AA259B327A00B1734F /* SwiftTestDemoTests.xctest */;
			productType = "com.apple.product-type.bundle.unit-test";
		};
		848D48B4259B327A00B1734F /* SwiftTestDemoUITests */ = {
			isa = PBXNativeTarget;
			buildConfigurationList = 848D48C4259B327A00B1734F /* Build configuration list for PBXNativeTarget "SwiftTestDemoUITests" */;
			buildPhases = (
				848D48B1259B327A00B1734F /* Sources */,
				848D48B2259B327A00B1734F /* Frameworks */,
				848D48B3259B327A00B1734F /* Resources */,
			);
			buildRules = (
			);
			dependencies = (
				848D48B7259B327A00B1734F /* PBXTargetDependency */,
			);
			name = SwiftTestDemoUITests;
			productName = SwiftTestDemoUITests;
			productReference = 848D48B5259B327A00B1734F /* SwiftTestDemoUITests.xctest */;
			productType = "com.apple.product-type.bundle.ui-testing";
		};
/* End PBXNativeTarget section */

/* Begin PBXProject section */
		848D488C259B327900B1734F /* Project object */ = {
			isa = PBXProject;
			attributes = {
				LastSwiftUpdateCheck = 1220;
				LastUpgradeCheck = 1220;
				TargetAttributes = {
					848D4893259B327900B1734F = {
						CreatedOnToolsVersion = 12.2;
					};
					848D48A9259B327A00B1734F = {
						CreatedOnToolsVersion = 12.2;
						TestTargetID = 848D4893259B327900B1734F;
					};
					848D48B4259B327A00B1734F = {
						CreatedOnToolsVersion = 12.2;
						TestTargetID = 848D4893259B327900B1734F;
					};
				};
			};
			buildConfigurationList = 848D488F259B327900B1734F /* Build configuration list for PBXProject "SwiftTestDemo" */;
			compatibilityVersion = "Xcode 9.3";
			developmentRegion = en;
			hasScannedForEncodings = 0;
			knownRegions = (
				en,
				Base,
			);
			mainGroup = 848D488B259B327900B1734F;
			productRefGroup = 848D4895259B327900B1734F /* Products */;
			projectDirPath = "";
			projectRoot = "";
			targets = (
				848D4893259B327900B1734F /* SwiftTestDemo */,
				848D48A9259B327A00B1734F /* SwiftTestDemoTests */,
				848D48B4259B327A00B1734F /* SwiftTestDemoUITests */,
			);
		};
/* End PBXProject section */

/* Begin PBXResourcesBuildPhase section */
		848D4892259B327900B1734F /* Resources */ = {
			isa = PBXResourcesBuildPhase;
			buildActionMask = 2147483647;
			files = (
				848D48A4259B327A00B1734F /* LaunchScreen.storyboard in Resources */,
				84A6CA2425ABF7D50018ECEF /* marketOrderInfo.txt in Resources */,
				848D48A1259B327A00B1734F /* Assets.xcassets in Resources */,
				848D489F259B327900B1734F /* Main.storyboard in Resources */,
			);
			runOnlyForDeploymentPostprocessing = 0;
		};
		848D48A8259B327A00B1734F /* Resources */ = {
			isa = PBXResourcesBuildPhase;
			buildActionMask = 2147483647;
			files = (
			);
			runOnlyForDeploymentPostprocessing = 0;
		};
		848D48B3259B327A00B1734F /* Resources */ = {
			isa = PBXResourcesBuildPhase;
			buildActionMask = 2147483647;
			files = (
			);
			runOnlyForDeploymentPostprocessing = 0;
		};
/* End PBXResourcesBuildPhase section */

/* Begin PBXShellScriptBuildPhase section */
		1E8A9232E08BF569074DDF8B /* [CP] Check Pods Manifest.lock */ = {
			isa = PBXShellScriptBuildPhase;
			buildActionMask = 2147483647;
			files = (
			);
			inputFileListPaths = (
			);
			inputPaths = (
				"${PODS_PODFILE_DIR_PATH}/Podfile.lock",
				"${PODS_ROOT}/Manifest.lock",
			);
			name = "[CP] Check Pods Manifest.lock";
			outputFileListPaths = (
			);
			outputPaths = (
				"$(DERIVED_FILE_DIR)/Pods-SwiftTestDemo-checkManifestLockResult.txt",
			);
			runOnlyForDeploymentPostprocessing = 0;
			shellPath = /bin/sh;
			shellScript = "diff \"${PODS_PODFILE_DIR_PATH}/Podfile.lock\" \"${PODS_ROOT}/Manifest.lock\" > /dev/null\nif [ $? != 0 ] ; then\n    # print error to STDERR\n    echo \"error: The sandbox is not in sync with the Podfile.lock. Run 'pod install' or update your CocoaPods installation.\" >&2\n    exit 1\nfi\n# This output is used by Xcode 'outputs' to avoid re-running this script phase.\necho \"SUCCESS\" > \"${SCRIPT_OUTPUT_FILE_0}\"\n";
			showEnvVarsInLog = 0;
		};
		348DB6AF800F20CE9B393AD6 /* [CP] Embed Pods Frameworks */ = {
			isa = PBXShellScriptBuildPhase;
			buildActionMask = 2147483647;
			files = (
			);
			inputFileListPaths = (
				"${PODS_ROOT}/Target Support Files/Pods-SwiftTestDemo/Pods-SwiftTestDemo-frameworks-${CONFIGURATION}-input-files.xcfilelist",
			);
			name = "[CP] Embed Pods Frameworks";
			outputFileListPaths = (
				"${PODS_ROOT}/Target Support Files/Pods-SwiftTestDemo/Pods-SwiftTestDemo-frameworks-${CONFIGURATION}-output-files.xcfilelist",
			);
			runOnlyForDeploymentPostprocessing = 0;
			shellPath = /bin/sh;
			shellScript = "\"${PODS_ROOT}/Target Support Files/Pods-SwiftTestDemo/Pods-SwiftTestDemo-frameworks.sh\"\n";
			showEnvVarsInLog = 0;
		};
/* End PBXShellScriptBuildPhase section */

/* Begin PBXSourcesBuildPhase section */
		848D4890259B327900B1734F /* Sources */ = {
			isa = PBXSourcesBuildPhase;
			buildActionMask = 2147483647;
			files = (
				847E0DF3261461D80049773F /* UIButton+LY_ImageLocation.m in Sources */,
				848D49F1259C53CB00B1734F /* WRCustomNavigationBar.swift in Sources */,
				847E0E0F26146D940049773F /* SelectTypeHeadView.swift in Sources */,
				848D49F0259C53CB00B1734F /* WRNavigationBar.swift in Sources */,
				84A6CA4225AD4ADA0018ECEF /* UIBarButtonItemExtension.swift in Sources */,
				848D498C259C193500B1734F /* LYNavigationController.swift in Sources */,
				84A6CA6A25AD72330018ECEF /* NSObject+TFPopupMethodExchange.m in Sources */,
				84A6CA6F25AD72330018ECEF /* UIView+TFPopup.m in Sources */,
				84A6CA3D25AD46810018ECEF /* HomeViewController.swift in Sources */,
				848D494E259B39B100B1734F /* SecondViewController.swift in Sources */,
				847E0DED261451370049773F /* UIView_Extension.swift in Sources */,
				849EF135259D6C4700B1BE97 /* HomeBaseCollectionViewCell.swift in Sources */,
				848D4953259B39BC00B1734F /* ThirdViewController.swift in Sources */,
				847E0EE12616C1FC0049773F /* BaseTabBarViewController.swift in Sources */,
				848D489C259B327900B1734F /* ViewController.swift in Sources */,
				84A6CA6B25AD72330018ECEF /* UIScrollView+TFPopup.m in Sources */,
				848D4898259B327900B1734F /* AppDelegate.swift in Sources */,
				84A6CA5225AD54500018ECEF /* TitleButton.swift in Sources */,
				84A6CA2B25AC39CC0018ECEF /* Button_Extendion.swift in Sources */,
				84E810B525A5C029002FB774 /* ForthViewController.swift in Sources */,
				847E0DFF261463330049773F /* UIButton+Block.m in Sources */,
				847E0E05261463C70049773F /* UIImage+Gradient.m in Sources */,
				84A6CA7025AD72330018ECEF /* TFPopupExtension.m in Sources */,
				84E810D025A804B3002FB774 /* HttpTools.swift in Sources */,
				847E0DF9261462B80049773F /* UIView+TapAction.m in Sources */,
				84A6CA6D25AD72330018ECEF /* TFPopupLoading.m in Sources */,
				848D489A259B327900B1734F /* SceneDelegate.swift in Sources */,
				84A6CA6E25AD72330018ECEF /* TFPopupToast.m in Sources */,
				848D49CD259C2DD200B1734F /* HomeBaseTableViewCell.swift in Sources */,
				847E0D822612F76C0049773F /* CWLog.swift in Sources */,
				84A6CA6C25AD72330018ECEF /* TFPopupParam.m in Sources */,
				847E0DE526144AEC0049773F /* SelectSaleType.swift in Sources */,
				84A6CA7725AD72900018ECEF /* HomePopView.swift in Sources */,
				84A6CA3825AD46040018ECEF /* BaseViewController.swift in Sources */,
				848D49C8259C22D700B1734F /* LYHead.swift in Sources */,
				848D4949259B39A400B1734F /* FirstViewController.swift in Sources */,
				847E0E0A2614688C0049773F /* SelectTypeTableViewCell.swift in Sources */,
			);
			runOnlyForDeploymentPostprocessing = 0;
		};
		848D48A6259B327A00B1734F /* Sources */ = {
			isa = PBXSourcesBuildPhase;
			buildActionMask = 2147483647;
			files = (
				848D48AF259B327A00B1734F /* SwiftTestDemoTests.swift in Sources */,
			);
			runOnlyForDeploymentPostprocessing = 0;
		};
		848D48B1259B327A00B1734F /* Sources */ = {
			isa = PBXSourcesBuildPhase;
			buildActionMask = 2147483647;
			files = (
				848D48BA259B327A00B1734F /* SwiftTestDemoUITests.swift in Sources */,
			);
			runOnlyForDeploymentPostprocessing = 0;
		};
/* End PBXSourcesBuildPhase section */

/* Begin PBXTargetDependency section */
		848D48AC259B327A00B1734F /* PBXTargetDependency */ = {
			isa = PBXTargetDependency;
			target = 848D4893259B327900B1734F /* SwiftTestDemo */;
			targetProxy = 848D48AB259B327A00B1734F /* PBXContainerItemProxy */;
		};
		848D48B7259B327A00B1734F /* PBXTargetDependency */ = {
			isa = PBXTargetDependency;
			target = 848D4893259B327900B1734F /* SwiftTestDemo */;
			targetProxy = 848D48B6259B327A00B1734F /* PBXContainerItemProxy */;
		};
/* End PBXTargetDependency section */

/* Begin PBXVariantGroup section */
		848D489D259B327900B1734F /* Main.storyboard */ = {
			isa = PBXVariantGroup;
			children = (
				848D489E259B327900B1734F /* Base */,
			);
			name = Main.storyboard;
			sourceTree = "<group>";
		};
		848D48A2259B327A00B1734F /* LaunchScreen.storyboard */ = {
			isa = PBXVariantGroup;
			children = (
				848D48A3259B327A00B1734F /* Base */,
			);
			name = LaunchScreen.storyboard;
			sourceTree = "<group>";
		};
/* End PBXVariantGroup section */

/* Begin XCBuildConfiguration section */
		848D48BC259B327A00B1734F /* Debug */ = {
			isa = XCBuildConfiguration;
			buildSettings = {
				ALWAYS_SEARCH_USER_PATHS = NO;
				CLANG_ANALYZER_NONNULL = YES;
				CLANG_ANALYZER_NUMBER_OBJECT_CONVERSION = YES_AGGRESSIVE;
				CLANG_CXX_LANGUAGE_STANDARD = "gnu++14";
				CLANG_CXX_LIBRARY = "libc++";
				CLANG_ENABLE_MODULES = YES;
				CLANG_ENABLE_OBJC_ARC = YES;
				CLANG_ENABLE_OBJC_WEAK = YES;
				CLANG_WARN_BLOCK_CAPTURE_AUTORELEASING = YES;
				CLANG_WARN_BOOL_CONVERSION = YES;
				CLANG_WARN_COMMA = YES;
				CLANG_WARN_CONSTANT_CONVERSION = YES;
				CLANG_WARN_DEPRECATED_OBJC_IMPLEMENTATIONS = YES;
				CLANG_WARN_DIRECT_OBJC_ISA_USAGE = YES_ERROR;
				CLANG_WARN_DOCUMENTATION_COMMENTS = YES;
				CLANG_WARN_EMPTY_BODY = YES;
				CLANG_WARN_ENUM_CONVERSION = YES;
				CLANG_WARN_INFINITE_RECURSION = YES;
				CLANG_WARN_INT_CONVERSION = YES;
				CLANG_WARN_NON_LITERAL_NULL_CONVERSION = YES;
				CLANG_WARN_OBJC_IMPLICIT_RETAIN_SELF = YES;
				CLANG_WARN_OBJC_LITERAL_CONVERSION = YES;
				CLANG_WARN_OBJC_ROOT_CLASS = YES_ERROR;
				CLANG_WARN_QUOTED_INCLUDE_IN_FRAMEWORK_HEADER = YES;
				CLANG_WARN_RANGE_LOOP_ANALYSIS = YES;
				CLANG_WARN_STRICT_PROTOTYPES = YES;
				CLANG_WARN_SUSPICIOUS_MOVE = YES;
				CLANG_WARN_UNGUARDED_AVAILABILITY = YES_AGGRESSIVE;
				CLANG_WARN_UNREACHABLE_CODE = YES;
				CLANG_WARN__DUPLICATE_METHOD_MATCH = YES;
				COPY_PHASE_STRIP = NO;
				DEBUG_INFORMATION_FORMAT = dwarf;
				ENABLE_STRICT_OBJC_MSGSEND = YES;
				ENABLE_TESTABILITY = YES;
				GCC_C_LANGUAGE_STANDARD = gnu11;
				GCC_DYNAMIC_NO_PIC = NO;
				GCC_NO_COMMON_BLOCKS = YES;
				GCC_OPTIMIZATION_LEVEL = 0;
				GCC_PREPROCESSOR_DEFINITIONS = (
					"DEBUG=1",
					"$(inherited)",
				);
				GCC_WARN_64_TO_32_BIT_CONVERSION = YES;
				GCC_WARN_ABOUT_RETURN_TYPE = YES_ERROR;
				GCC_WARN_UNDECLARED_SELECTOR = YES;
				GCC_WARN_UNINITIALIZED_AUTOS = YES_AGGRESSIVE;
				GCC_WARN_UNUSED_FUNCTION = YES;
				GCC_WARN_UNUSED_VARIABLE = YES;
				IPHONEOS_DEPLOYMENT_TARGET = 10.0;
				MTL_ENABLE_DEBUG_INFO = INCLUDE_SOURCE;
				MTL_FAST_MATH = YES;
				ONLY_ACTIVE_ARCH = YES;
				SDKROOT = iphoneos;
				SWIFT_ACTIVE_COMPILATION_CONDITIONS = DEBUG;
				SWIFT_OPTIMIZATION_LEVEL = "-Onone";
			};
			name = Debug;
		};
		848D48BD259B327A00B1734F /* Release */ = {
			isa = XCBuildConfiguration;
			buildSettings = {
				ALWAYS_SEARCH_USER_PATHS = NO;
				CLANG_ANALYZER_NONNULL = YES;
				CLANG_ANALYZER_NUMBER_OBJECT_CONVERSION = YES_AGGRESSIVE;
				CLANG_CXX_LANGUAGE_STANDARD = "gnu++14";
				CLANG_CXX_LIBRARY = "libc++";
				CLANG_ENABLE_MODULES = YES;
				CLANG_ENABLE_OBJC_ARC = YES;
				CLANG_ENABLE_OBJC_WEAK = YES;
				CLANG_WARN_BLOCK_CAPTURE_AUTORELEASING = YES;
				CLANG_WARN_BOOL_CONVERSION = YES;
				CLANG_WARN_COMMA = YES;
				CLANG_WARN_CONSTANT_CONVERSION = YES;
				CLANG_WARN_DEPRECATED_OBJC_IMPLEMENTATIONS = YES;
				CLANG_WARN_DIRECT_OBJC_ISA_USAGE = YES_ERROR;
				CLANG_WARN_DOCUMENTATION_COMMENTS = YES;
				CLANG_WARN_EMPTY_BODY = YES;
				CLANG_WARN_ENUM_CONVERSION = YES;
				CLANG_WARN_INFINITE_RECURSION = YES;
				CLANG_WARN_INT_CONVERSION = YES;
				CLANG_WARN_NON_LITERAL_NULL_CONVERSION = YES;
				CLANG_WARN_OBJC_IMPLICIT_RETAIN_SELF = YES;
				CLANG_WARN_OBJC_LITERAL_CONVERSION = YES;
				CLANG_WARN_OBJC_ROOT_CLASS = YES_ERROR;
				CLANG_WARN_QUOTED_INCLUDE_IN_FRAMEWORK_HEADER = YES;
				CLANG_WARN_RANGE_LOOP_ANALYSIS = YES;
				CLANG_WARN_STRICT_PROTOTYPES = YES;
				CLANG_WARN_SUSPICIOUS_MOVE = YES;
				CLANG_WARN_UNGUARDED_AVAILABILITY = YES_AGGRESSIVE;
				CLANG_WARN_UNREACHABLE_CODE = YES;
				CLANG_WARN__DUPLICATE_METHOD_MATCH = YES;
				COPY_PHASE_STRIP = NO;
				DEBUG_INFORMATION_FORMAT = "dwarf-with-dsym";
				ENABLE_NS_ASSERTIONS = NO;
				ENABLE_STRICT_OBJC_MSGSEND = YES;
				GCC_C_LANGUAGE_STANDARD = gnu11;
				GCC_NO_COMMON_BLOCKS = YES;
				GCC_WARN_64_TO_32_BIT_CONVERSION = YES;
				GCC_WARN_ABOUT_RETURN_TYPE = YES_ERROR;
				GCC_WARN_UNDECLARED_SELECTOR = YES;
				GCC_WARN_UNINITIALIZED_AUTOS = YES_AGGRESSIVE;
				GCC_WARN_UNUSED_FUNCTION = YES;
				GCC_WARN_UNUSED_VARIABLE = YES;
				IPHONEOS_DEPLOYMENT_TARGET = 10.0;
				MTL_ENABLE_DEBUG_INFO = NO;
				MTL_FAST_MATH = YES;
				SDKROOT = iphoneos;
				SWIFT_COMPILATION_MODE = wholemodule;
				SWIFT_OPTIMIZATION_LEVEL = "-O";
				VALIDATE_PRODUCT = YES;
			};
			name = Release;
		};
		848D48BF259B327A00B1734F /* Debug */ = {
			isa = XCBuildConfiguration;
			baseConfigurationReference = FABCAC615155ECF6011D985A /* Pods-SwiftTestDemo.debug.xcconfig */;
			buildSettings = {
				ASSETCATALOG_COMPILER_APPICON_NAME = AppIcon;
				ASSETCATALOG_COMPILER_GLOBAL_ACCENT_COLOR_NAME = AccentColor;
				CODE_SIGN_STYLE = Automatic;
				DEVELOPMENT_TEAM = M98VYFZASK;
				INFOPLIST_FILE = SwiftTestDemo/Info.plist;
				IPHONEOS_DEPLOYMENT_TARGET = 10.0;
				LD_RUNPATH_SEARCH_PATHS = (
					"$(inherited)",
					"@executable_path/Frameworks",
				);
				OTHER_SWIFT_FLAGS = "$(inherited)";
				"OTHER_SWIFT_FLAGS[arch=*]" = "-D DEBUG";
				PRODUCT_BUNDLE_IDENTIFIER = com.snrd.www.SwiftTestDemo;
				PRODUCT_NAME = "$(TARGET_NAME)";
				SWIFT_OBJC_BRIDGING_HEADER = "SwiftTestDemo/SwiftTestDemo-Bridging-Header.h";
				SWIFT_VERSION = 5.0;
				TARGETED_DEVICE_FAMILY = "1,2";
			};
			name = Debug;
		};
		848D48C0259B327A00B1734F /* Release */ = {
			isa = XCBuildConfiguration;
			baseConfigurationReference = 5B0D22D0E87EEBC02972D389 /* Pods-SwiftTestDemo.release.xcconfig */;
			buildSettings = {
				ASSETCATALOG_COMPILER_APPICON_NAME = AppIcon;
				ASSETCATALOG_COMPILER_GLOBAL_ACCENT_COLOR_NAME = AccentColor;
				CODE_SIGN_STYLE = Automatic;
				DEVELOPMENT_TEAM = M98VYFZASK;
				INFOPLIST_FILE = SwiftTestDemo/Info.plist;
				IPHONEOS_DEPLOYMENT_TARGET = 10.0;
				LD_RUNPATH_SEARCH_PATHS = (
					"$(inherited)",
					"@executable_path/Frameworks",
				);
				PRODUCT_BUNDLE_IDENTIFIER = com.snrd.www.SwiftTestDemo;
				PRODUCT_NAME = "$(TARGET_NAME)";
				SWIFT_OBJC_BRIDGING_HEADER = "SwiftTestDemo/SwiftTestDemo-Bridging-Header.h";
				SWIFT_VERSION = 5.0;
				TARGETED_DEVICE_FAMILY = "1,2";
			};
			name = Release;
		};
		848D48C2259B327A00B1734F /* Debug */ = {
			isa = XCBuildConfiguration;
			buildSettings = {
				ALWAYS_EMBED_SWIFT_STANDARD_LIBRARIES = YES;
				BUNDLE_LOADER = "$(TEST_HOST)";
				CODE_SIGN_STYLE = Automatic;
				INFOPLIST_FILE = SwiftTestDemoTests/Info.plist;
				IPHONEOS_DEPLOYMENT_TARGET = 14.2;
				LD_RUNPATH_SEARCH_PATHS = (
					"$(inherited)",
					"@executable_path/Frameworks",
					"@loader_path/Frameworks",
				);
				PRODUCT_BUNDLE_IDENTIFIER = com.snrd.www.SwiftTestDemoTests;
				PRODUCT_NAME = "$(TARGET_NAME)";
				SWIFT_VERSION = 5.0;
				TARGETED_DEVICE_FAMILY = "1,2";
				TEST_HOST = "$(BUILT_PRODUCTS_DIR)/SwiftTestDemo.app/SwiftTestDemo";
			};
			name = Debug;
		};
		848D48C3259B327A00B1734F /* Release */ = {
			isa = XCBuildConfiguration;
			buildSettings = {
				ALWAYS_EMBED_SWIFT_STANDARD_LIBRARIES = YES;
				BUNDLE_LOADER = "$(TEST_HOST)";
				CODE_SIGN_STYLE = Automatic;
				INFOPLIST_FILE = SwiftTestDemoTests/Info.plist;
				IPHONEOS_DEPLOYMENT_TARGET = 14.2;
				LD_RUNPATH_SEARCH_PATHS = (
					"$(inherited)",
					"@executable_path/Frameworks",
					"@loader_path/Frameworks",
				);
				PRODUCT_BUNDLE_IDENTIFIER = com.snrd.www.SwiftTestDemoTests;
				PRODUCT_NAME = "$(TARGET_NAME)";
				SWIFT_VERSION = 5.0;
				TARGETED_DEVICE_FAMILY = "1,2";
				TEST_HOST = "$(BUILT_PRODUCTS_DIR)/SwiftTestDemo.app/SwiftTestDemo";
			};
			name = Release;
		};
		848D48C5259B327A00B1734F /* Debug */ = {
			isa = XCBuildConfiguration;
			buildSettings = {
				ALWAYS_EMBED_SWIFT_STANDARD_LIBRARIES = YES;
				CODE_SIGN_STYLE = Automatic;
				INFOPLIST_FILE = SwiftTestDemoUITests/Info.plist;
				LD_RUNPATH_SEARCH_PATHS = (
					"$(inherited)",
					"@executable_path/Frameworks",
					"@loader_path/Frameworks",
				);
				PRODUCT_BUNDLE_IDENTIFIER = com.snrd.www.SwiftTestDemoUITests;
				PRODUCT_NAME = "$(TARGET_NAME)";
				SWIFT_VERSION = 5.0;
				TARGETED_DEVICE_FAMILY = "1,2";
				TEST_TARGET_NAME = SwiftTestDemo;
			};
			name = Debug;
		};
		848D48C6259B327A00B1734F /* Release */ = {
			isa = XCBuildConfiguration;
			buildSettings = {
				ALWAYS_EMBED_SWIFT_STANDARD_LIBRARIES = YES;
				CODE_SIGN_STYLE = Automatic;
				INFOPLIST_FILE = SwiftTestDemoUITests/Info.plist;
				LD_RUNPATH_SEARCH_PATHS = (
					"$(inherited)",
					"@executable_path/Frameworks",
					"@loader_path/Frameworks",
				);
				PRODUCT_BUNDLE_IDENTIFIER = com.snrd.www.SwiftTestDemoUITests;
				PRODUCT_NAME = "$(TARGET_NAME)";
				SWIFT_VERSION = 5.0;
				TARGETED_DEVICE_FAMILY = "1,2";
				TEST_TARGET_NAME = SwiftTestDemo;
			};
			name = Release;
		};
/* End XCBuildConfiguration section */

/* Begin XCConfigurationList section */
		848D488F259B327900B1734F /* Build configuration list for PBXProject "SwiftTestDemo" */ = {
			isa = XCConfigurationList;
			buildConfigurations = (
				848D48BC259B327A00B1734F /* Debug */,
				848D48BD259B327A00B1734F /* Release */,
			);
			defaultConfigurationIsVisible = 0;
			defaultConfigurationName = Release;
		};
		848D48BE259B327A00B1734F /* Build configuration list for PBXNativeTarget "SwiftTestDemo" */ = {
			isa = XCConfigurationList;
			buildConfigurations = (
				848D48BF259B327A00B1734F /* Debug */,
				848D48C0259B327A00B1734F /* Release */,
			);
			defaultConfigurationIsVisible = 0;
			defaultConfigurationName = Release;
		};
		848D48C1259B327A00B1734F /* Build configuration list for PBXNativeTarget "SwiftTestDemoTests" */ = {
			isa = XCConfigurationList;
			buildConfigurations = (
				848D48C2259B327A00B1734F /* Debug */,
				848D48C3259B327A00B1734F /* Release */,
			);
			defaultConfigurationIsVisible = 0;
			defaultConfigurationName = Release;
		};
		848D48C4259B327A00B1734F /* Build configuration list for PBXNativeTarget "SwiftTestDemoUITests" */ = {
			isa = XCConfigurationList;
			buildConfigurations = (
				848D48C5259B327A00B1734F /* Debug */,
				848D48C6259B327A00B1734F /* Release */,
			);
			defaultConfigurationIsVisible = 0;
			defaultConfigurationName = Release;
		};
/* End XCConfigurationList section */
	};
	rootObject = 848D488C259B327900B1734F /* Project object */;
}
